
Microsoft Visual Studio Solution File, Format Version 12.00
# Visual Studio Version 17
VisualStudioVersion = 17.11.35312.102
MinimumVisualStudioVersion = 10.0.40219.1
Project("{2150E333-8FDC-42A3-9474-1A3956D46DE8}") = "Task0", "Task0", "{8025305E-1A08-4391-A95E-FCCA6CACA007}"
EndProject
Project("{9A19103F-16F7-4668-BE54-9A1E7A4F7556}") = "Tyuiu.PiskulinIY.Sprint6.Task0.V4.Lib", "Tyuiu.PiskulinIY.Sprint6.Task0.V4.Lib\Tyuiu.PiskulinIY.Sprint6.Task0.V4.Lib.csproj", "{708AADAE-4417-4F2C-B37E-D55B022B47D2}"
EndProject
Project("{9A19103F-16F7-4668-BE54-9A1E7A4F7556}") = "Tyuiu.PiskulinIY.Sprint6.Task0.V4.Test", "Tyuiu.PiskulinIY.Sprint6.Task0.V4.Test\Tyuiu.PiskulinIY.Sprint6.Task0.V4.Test.csproj", "{19376B92-82FE-4E2D-ADA8-CFB20303A193}"
EndProject
Project("{9A19103F-16F7-4668-BE54-9A1E7A4F7556}") = "Tyuiu.PiskulinIY.Sprint6.Task0.V4", "Tyuiu.PiskulinIY.Sprint6.Task0.V4\Tyuiu.PiskulinIY.Sprint6.Task0.V4.csproj", "{4C338E47-D6C1-42DD-9789-F572EB9B526F}"
EndProject
Project("{2150E333-8FDC-42A3-9474-1A3956D46DE8}") = "Task1", "Task1", "{9016220C-5467-43C0-95FC-D859E93A6FEA}"
EndProject
Project("{9A19103F-16F7-4668-BE54-9A1E7A4F7556}") = "Tyuiu.PiskulinIY.Sprint6.Task1.V20.Lib", "Tyuiu.PiskulinIY.Sprint6.Task1.V20.Lib\Tyuiu.PiskulinIY.Sprint6.Task1.V20.Lib.csproj", "{8067FD59-CF10-4839-92FC-5E57C00E8371}"
EndProject
Project("{9A19103F-16F7-4668-BE54-9A1E7A4F7556}") = "Tyuiu.PiskulinIY.Sprint6.Task1.V20.Test", "Tyuiu.PiskulinIY.Sprint6.Task1.V20.Test\Tyuiu.PiskulinIY.Sprint6.Task1.V20.Test.csproj", "{9A481F19-3778-41DF-9545-75EB811C6CA7}"
EndProject
Project("{9A19103F-16F7-4668-BE54-9A1E7A4F7556}") = "Tyuiu.PiskulinIY.Sprint6.Task1.V20", "Tyuiu.PiskulinIY.Sprint6.Task1.V20\Tyuiu.PiskulinIY.Sprint6.Task1.V20.csproj", "{859232CC-69C8-4A51-B444-DC05BFA7BCC2}"
EndProject
Project("{2150E333-8FDC-42A3-9474-1A3956D46DE8}") = "Task2", "Task2", "{3452E9E5-7040-4952-B4F8-D96DAB5A9728}"
EndProject
Project("{9A19103F-16F7-4668-BE54-9A1E7A4F7556}") = "Tyuiu.PiskulinIY.Sprint6.Task2.V12.Lib", "Tyuiu.PiskulinIY.Sprint6.Task2.V12.Lib\Tyuiu.PiskulinIY.Sprint6.Task2.V12.Lib.csproj", "{ACAACFE4-AFC7-4740-B797-A262F1BAE03E}"
EndProject
Project("{9A19103F-16F7-4668-BE54-9A1E7A4F7556}") = "Tyuiu.PiskulinIY.Sprint6.Task2.V12.Test", "Tyuiu.PiskulinIY.Sprint6.Task2.V12.Test\Tyuiu.PiskulinIY.Sprint6.Task2.V12.Test.csproj", "{FF9483F1-55D1-4EC0-89CA-804F1ED8A69A}"
EndProject
Project("{9A19103F-16F7-4668-BE54-9A1E7A4F7556}") = "Tyuiu.PiskulinIY.Sprint6.Task2.V12", "Tyuiu.PiskulinIY.Sprint6.Task2.V12\Tyuiu.PiskulinIY.Sprint6.Task2.V12.csproj", "{0CE03258-6232-431D-93D5-69848673AE9D}"
EndProject
Project("{2150E333-8FDC-42A3-9474-1A3956D46DE8}") = "Task3", "Task3", "{FA126C49-77A9-4002-9803-3D7DB15D0704}"
EndProject
Project("{9A19103F-16F7-4668-BE54-9A1E7A4F7556}") = "Tyuiu.PiskulinIY.Sprint6.Task3.V27", "Tyuiu.PiskulinIY.Sprint6.Task3.V27\Tyuiu.PiskulinIY.Sprint6.Task3.V27.csproj", "{52669E91-0424-4336-A9EA-4F183F0BDA98}"
EndProject
Project("{9A19103F-16F7-4668-BE54-9A1E7A4F7556}") = "Tyuiu.PiskulinIY.Sprint6.Task3.V27.Lib", "Tyuiu.PiskulinIY.Sprint6.Task3.V27.Lib\Tyuiu.PiskulinIY.Sprint6.Task3.V27.Lib.csproj", "{39135E7F-E96E-432E-B026-64B7D3979431}"
EndProject
Project("{9A19103F-16F7-4668-BE54-9A1E7A4F7556}") = "Tyuiu.PiskulinIY.Sprint6.Task3.V27.Test", "Tyuiu.PiskulinIY.Sprint6.Task3.V27.Test\Tyuiu.PiskulinIY.Sprint6.Task3.V27.Test.csproj", "{FF1F5052-9AF5-4372-8D01-E8A67AC16A82}"
EndProject
Project("{2150E333-8FDC-42A3-9474-1A3956D46DE8}") = "Task4", "Task4", "{0002ED26-9EDA-41C4-8AD0-D8004C9E55F2}"
EndProject
Project("{FAE04EC0-301F-11D3-BF4B-00C04F79EFBC}") = "Tyuiu.PiskulinIY.Sprint6.Task4.V9", "Tyuiu.PiskulinIY.Sprint6.Task4.V9\Tyuiu.PiskulinIY.Sprint6.Task4.V9.csproj", "{44E654C8-3E10-4FE4-A8B0-48E744914416}"
EndProject
Project("{FAE04EC0-301F-11D3-BF4B-00C04F79EFBC}") = "Tyuiu.PiskulinIY.Sprint6.Task4.V9.Lib", "Tyuiu.PiskulinIY.Sprint6.Task4.V9.Lib\Tyuiu.PiskulinIY.Sprint6.Task4.V9.Lib.csproj", "{4EAB987E-FA82-4A45-859F-BC698FBD3377}"
EndProject
Project("{FAE04EC0-301F-11D3-BF4B-00C04F79EFBC}") = "Tyuiu.PiskulinIY.Sprint6.Task4.V9.Test", "Tyuiu.PiskulinIY.Sprint6.Task4.V9.Test\Tyuiu.PiskulinIY.Sprint6.Task4.V9.Test.csproj", "{F2ABAEC9-4296-4661-8795-2397F74E8B33}"
EndProject
Project("{2150E333-8FDC-42A3-9474-1A3956D46DE8}") = "Task5", "Task5", "{FB1379B0-E51E-4A5D-8C8C-079E019FFCF1}"
EndProject
Project("{FAE04EC0-301F-11D3-BF4B-00C04F79EFBC}") = "Tyuiu.PiskulinIY.Sprint6.Task5.V3", "Tyuiu.PiskulinIY.Sprint6.Task5.V3\Tyuiu.PiskulinIY.Sprint6.Task5.V3.csproj", "{8BE4D551-B48A-4151-90DB-4521D473A09A}"
EndProject
Project("{FAE04EC0-301F-11D3-BF4B-00C04F79EFBC}") = "Tyuiu.PiskulinIY.Sprint6.Task5.V3.Lib", "Tyuiu.PiskulinIY.Sprint6.Task5.V3.Lib\Tyuiu.PiskulinIY.Sprint6.Task5.V3.Lib.csproj", "{D4D33C1D-FC47-4E2E-AFD5-0B58A351BA18}"
EndProject
Project("{FAE04EC0-301F-11D3-BF4B-00C04F79EFBC}") = "Tyuiu.PiskulinIY.Sprint6.Task5.V3.Test", "Tyuiu.PiskulinIY.Sprint6.Task5.V3.Test\Tyuiu.PiskulinIY.Sprint6.Task5.V3.Test.csproj", "{5BC4C968-69FF-4EC8-A6F4-87EF8D6C74EF}"
EndProject
Global
	GlobalSection(SolutionConfigurationPlatforms) = preSolution
		Debug|Any CPU = Debug|Any CPU
		Release|Any CPU = Release|Any CPU
	EndGlobalSection
	GlobalSection(ProjectConfigurationPlatforms) = postSolution
		{708AADAE-4417-4F2C-B37E-D55B022B47D2}.Debug|Any CPU.ActiveCfg = Debug|Any CPU
		{708AADAE-4417-4F2C-B37E-D55B022B47D2}.Debug|Any CPU.Build.0 = Debug|Any CPU
		{708AADAE-4417-4F2C-B37E-D55B022B47D2}.Release|Any CPU.ActiveCfg = Release|Any CPU
		{708AADAE-4417-4F2C-B37E-D55B022B47D2}.Release|Any CPU.Build.0 = Release|Any CPU
		{19376B92-82FE-4E2D-ADA8-CFB20303A193}.Debug|Any CPU.ActiveCfg = Debug|Any CPU
		{19376B92-82FE-4E2D-ADA8-CFB20303A193}.Debug|Any CPU.Build.0 = Debug|Any CPU
		{19376B92-82FE-4E2D-ADA8-CFB20303A193}.Release|Any CPU.ActiveCfg = Release|Any CPU
		{19376B92-82FE-4E2D-ADA8-CFB20303A193}.Release|Any CPU.Build.0 = Release|Any CPU
		{4C338E47-D6C1-42DD-9789-F572EB9B526F}.Debug|Any CPU.ActiveCfg = Debug|Any CPU
		{4C338E47-D6C1-42DD-9789-F572EB9B526F}.Debug|Any CPU.Build.0 = Debug|Any CPU
		{4C338E47-D6C1-42DD-9789-F572EB9B526F}.Release|Any CPU.ActiveCfg = Release|Any CPU
		{4C338E47-D6C1-42DD-9789-F572EB9B526F}.Release|Any CPU.Build.0 = Release|Any CPU
		{8067FD59-CF10-4839-92FC-5E57C00E8371}.Debug|Any CPU.ActiveCfg = Debug|Any CPU
		{8067FD59-CF10-4839-92FC-5E57C00E8371}.Debug|Any CPU.Build.0 = Debug|Any CPU
		{8067FD59-CF10-4839-92FC-5E57C00E8371}.Release|Any CPU.ActiveCfg = Release|Any CPU
		{8067FD59-CF10-4839-92FC-5E57C00E8371}.Release|Any CPU.Build.0 = Release|Any CPU
		{9A481F19-3778-41DF-9545-75EB811C6CA7}.Debug|Any CPU.ActiveCfg = Debug|Any CPU
		{9A481F19-3778-41DF-9545-75EB811C6CA7}.Debug|Any CPU.Build.0 = Debug|Any CPU
		{9A481F19-3778-41DF-9545-75EB811C6CA7}.Release|Any CPU.ActiveCfg = Release|Any CPU
		{9A481F19-3778-41DF-9545-75EB811C6CA7}.Release|Any CPU.Build.0 = Release|Any CPU
		{859232CC-69C8-4A51-B444-DC05BFA7BCC2}.Debug|Any CPU.ActiveCfg = Debug|Any CPU
		{859232CC-69C8-4A51-B444-DC05BFA7BCC2}.Debug|Any CPU.Build.0 = Debug|Any CPU
		{859232CC-69C8-4A51-B444-DC05BFA7BCC2}.Release|Any CPU.ActiveCfg = Release|Any CPU
		{859232CC-69C8-4A51-B444-DC05BFA7BCC2}.Release|Any CPU.Build.0 = Release|Any CPU
		{ACAACFE4-AFC7-4740-B797-A262F1BAE03E}.Debug|Any CPU.ActiveCfg = Debug|Any CPU
		{ACAACFE4-AFC7-4740-B797-A262F1BAE03E}.Debug|Any CPU.Build.0 = Debug|Any CPU
		{ACAACFE4-AFC7-4740-B797-A262F1BAE03E}.Release|Any CPU.ActiveCfg = Release|Any CPU
		{ACAACFE4-AFC7-4740-B797-A262F1BAE03E}.Release|Any CPU.Build.0 = Release|Any CPU
		{FF9483F1-55D1-4EC0-89CA-804F1ED8A69A}.Debug|Any CPU.ActiveCfg = Debug|Any CPU
		{FF9483F1-55D1-4EC0-89CA-804F1ED8A69A}.Debug|Any CPU.Build.0 = Debug|Any CPU
		{FF9483F1-55D1-4EC0-89CA-804F1ED8A69A}.Release|Any CPU.ActiveCfg = Release|Any CPU
		{FF9483F1-55D1-4EC0-89CA-804F1ED8A69A}.Release|Any CPU.Build.0 = Release|Any CPU
		{0CE03258-6232-431D-93D5-69848673AE9D}.Debug|Any CPU.ActiveCfg = Debug|Any CPU
		{0CE03258-6232-431D-93D5-69848673AE9D}.Debug|Any CPU.Build.0 = Debug|Any CPU
		{0CE03258-6232-431D-93D5-69848673AE9D}.Release|Any CPU.ActiveCfg = Release|Any CPU
		{0CE03258-6232-431D-93D5-69848673AE9D}.Release|Any CPU.Build.0 = Release|Any CPU
		{52669E91-0424-4336-A9EA-4F183F0BDA98}.Debug|Any CPU.ActiveCfg = Debug|Any CPU
		{52669E91-0424-4336-A9EA-4F183F0BDA98}.Debug|Any CPU.Build.0 = Debug|Any CPU
		{52669E91-0424-4336-A9EA-4F183F0BDA98}.Release|Any CPU.ActiveCfg = Release|Any CPU
		{52669E91-0424-4336-A9EA-4F183F0BDA98}.Release|Any CPU.Build.0 = Release|Any CPU
		{39135E7F-E96E-432E-B026-64B7D3979431}.Debug|Any CPU.ActiveCfg = Debug|Any CPU
		{39135E7F-E96E-432E-B026-64B7D3979431}.Debug|Any CPU.Build.0 = Debug|Any CPU
		{39135E7F-E96E-432E-B026-64B7D3979431}.Release|Any CPU.ActiveCfg = Release|Any CPU
		{39135E7F-E96E-432E-B026-64B7D3979431}.Release|Any CPU.Build.0 = Release|Any CPU
		{FF1F5052-9AF5-4372-8D01-E8A67AC16A82}.Debug|Any CPU.ActiveCfg = Debug|Any CPU
		{FF1F5052-9AF5-4372-8D01-E8A67AC16A82}.Debug|Any CPU.Build.0 = Debug|Any CPU
		{FF1F5052-9AF5-4372-8D01-E8A67AC16A82}.Release|Any CPU.ActiveCfg = Release|Any CPU
		{FF1F5052-9AF5-4372-8D01-E8A67AC16A82}.Release|Any CPU.Build.0 = Release|Any CPU
		{44E654C8-3E10-4FE4-A8B0-48E744914416}.Debug|Any CPU.ActiveCfg = Debug|Any CPU
		{44E654C8-3E10-4FE4-A8B0-48E744914416}.Debug|Any CPU.Build.0 = Debug|Any CPU
		{44E654C8-3E10-4FE4-A8B0-48E744914416}.Release|Any CPU.ActiveCfg = Release|Any CPU
		{44E654C8-3E10-4FE4-A8B0-48E744914416}.Release|Any CPU.Build.0 = Release|Any CPU
		{4EAB987E-FA82-4A45-859F-BC698FBD3377}.Debug|Any CPU.ActiveCfg = Debug|Any CPU
		{4EAB987E-FA82-4A45-859F-BC698FBD3377}.Debug|Any CPU.Build.0 = Debug|Any CPU
		{4EAB987E-FA82-4A45-859F-BC698FBD3377}.Release|Any CPU.ActiveCfg = Release|Any CPU
		{4EAB987E-FA82-4A45-859F-BC698FBD3377}.Release|Any CPU.Build.0 = Release|Any CPU
		{F2ABAEC9-4296-4661-8795-2397F74E8B33}.Debug|Any CPU.ActiveCfg = Debug|Any CPU
		{F2ABAEC9-4296-4661-8795-2397F74E8B33}.Debug|Any CPU.Build.0 = Debug|Any CPU
		{F2ABAEC9-4296-4661-8795-2397F74E8B33}.Release|Any CPU.ActiveCfg = Release|Any CPU
		{F2ABAEC9-4296-4661-8795-2397F74E8B33}.Release|Any CPU.Build.0 = Release|Any CPU
		{8BE4D551-B48A-4151-90DB-4521D473A09A}.Debug|Any CPU.ActiveCfg = Debug|Any CPU
		{8BE4D551-B48A-4151-90DB-4521D473A09A}.Debug|Any CPU.Build.0 = Debug|Any CPU
		{8BE4D551-B48A-4151-90DB-4521D473A09A}.Release|Any CPU.ActiveCfg = Release|Any CPU
		{8BE4D551-B48A-4151-90DB-4521D473A09A}.Release|Any CPU.Build.0 = Release|Any CPU
		{D4D33C1D-FC47-4E2E-AFD5-0B58A351BA18}.Debug|Any CPU.ActiveCfg = Debug|Any CPU
		{D4D33C1D-FC47-4E2E-AFD5-0B58A351BA18}.Debug|Any CPU.Build.0 = Debug|Any CPU
		{D4D33C1D-FC47-4E2E-AFD5-0B58A351BA18}.Release|Any CPU.ActiveCfg = Release|Any CPU
		{D4D33C1D-FC47-4E2E-AFD5-0B58A351BA18}.Release|Any CPU.Build.0 = Release|Any CPU
		{5BC4C968-69FF-4EC8-A6F4-87EF8D6C74EF}.Debug|Any CPU.ActiveCfg = Debug|Any CPU
		{5BC4C968-69FF-4EC8-A6F4-87EF8D6C74EF}.Debug|Any CPU.Build.0 = Debug|Any CPU
		{5BC4C968-69FF-4EC8-A6F4-87EF8D6C74EF}.Release|Any CPU.ActiveCfg = Release|Any CPU
		{5BC4C968-69FF-4EC8-A6F4-87EF8D6C74EF}.Release|Any CPU.Build.0 = Release|Any CPU
	EndGlobalSection
	GlobalSection(SolutionProperties) = preSolution
		HideSolutionNode = FALSE
	EndGlobalSection
	GlobalSection(NestedProjects) = preSolution
		{708AADAE-4417-4F2C-B37E-D55B022B47D2} = {8025305E-1A08-4391-A95E-FCCA6CACA007}
		{19376B92-82FE-4E2D-ADA8-CFB20303A193} = {8025305E-1A08-4391-A95E-FCCA6CACA007}
		{4C338E47-D6C1-42DD-9789-F572EB9B526F} = {8025305E-1A08-4391-A95E-FCCA6CACA007}
		{8067FD59-CF10-4839-92FC-5E57C00E8371} = {9016220C-5467-43C0-95FC-D859E93A6FEA}
		{9A481F19-3778-41DF-9545-75EB811C6CA7} = {9016220C-5467-43C0-95FC-D859E93A6FEA}
		{859232CC-69C8-4A51-B444-DC05BFA7BCC2} = {9016220C-5467-43C0-95FC-D859E93A6FEA}
		{ACAACFE4-AFC7-4740-B797-A262F1BAE03E} = {3452E9E5-7040-4952-B4F8-D96DAB5A9728}
		{FF9483F1-55D1-4EC0-89CA-804F1ED8A69A} = {3452E9E5-7040-4952-B4F8-D96DAB5A9728}
		{0CE03258-6232-431D-93D5-69848673AE9D} = {3452E9E5-7040-4952-B4F8-D96DAB5A9728}
		{52669E91-0424-4336-A9EA-4F183F0BDA98} = {FA126C49-77A9-4002-9803-3D7DB15D0704}
		{39135E7F-E96E-432E-B026-64B7D3979431} = {FA126C49-77A9-4002-9803-3D7DB15D0704}
		{FF1F5052-9AF5-4372-8D01-E8A67AC16A82} = {FA126C49-77A9-4002-9803-3D7DB15D0704}
		{44E654C8-3E10-4FE4-A8B0-48E744914416} = {0002ED26-9EDA-41C4-8AD0-D8004C9E55F2}
		{4EAB987E-FA82-4A45-859F-BC698FBD3377} = {0002ED26-9EDA-41C4-8AD0-D8004C9E55F2}
		{F2ABAEC9-4296-4661-8795-2397F74E8B33} = {0002ED26-9EDA-41C4-8AD0-D8004C9E55F2}
		{8BE4D551-B48A-4151-90DB-4521D473A09A} = {FB1379B0-E51E-4A5D-8C8C-079E019FFCF1}
		{D4D33C1D-FC47-4E2E-AFD5-0B58A351BA18} = {FB1379B0-E51E-4A5D-8C8C-079E019FFCF1}
		{5BC4C968-69FF-4EC8-A6F4-87EF8D6C74EF} = {FB1379B0-E51E-4A5D-8C8C-079E019FFCF1}
	EndGlobalSection
	GlobalSection(ExtensibilityGlobals) = postSolution
		SolutionGuid = {B0BE74CA-4609-4887-8EB6-235A03756137}
	EndGlobalSection
EndGlobal
